version: 6
environments:
  default:
    channels:
    - url: https://conda.anaconda.org/conda-forge/
    options:
      pypi-prerelease-mode: if-necessary-or-explicit
    packages:
      linux-64:
      - conda: https://conda.anaconda.org/conda-forge/linux-64/_openmp_mutex-4.5-20_gnu.conda
      - conda: https://conda.anaconda.org/conda-forge/linux-64/bzip2-1.0.8-hda65f42_9.conda
      - conda: https://conda.anaconda.org/conda-forge/linux-64/c-ares-1.34.6-hb03c661_0.conda
      - conda: https://conda.anaconda.org/conda-forge/noarch/ca-certificates-2026.5.20-hbd8a1cb_0.conda
      - conda: https://conda.anaconda.org/conda-forge/linux-64/freexl-2.0.0-h9dce30a_2.conda
      - conda: https://conda.anaconda.org/conda-forge/linux-64/geos-3.14.1-h480dda7_0.conda
      - conda: https://conda.anaconda.org/conda-forge/linux-64/icu-78.3-h33c6efd_0.conda
      - conda: https://conda.anaconda.org/conda-forge/linux-64/keyutils-1.6.3-hb9d3cd8_0.conda
      - conda: https://conda.anaconda.org/conda-forge/linux-64/krb5-1.22.2-ha1258a1_0.conda
      - conda: https://conda.anaconda.org/conda-forge/linux-64/lerc-4.1.0-hdb68285_0.conda
      - conda: https://conda.anaconda.org/conda-forge/linux-64/libcurl-8.20.0-hcf29cc6_0.conda
      - conda: https://conda.anaconda.org/conda-forge/linux-64/libdeflate-1.25-h17f619e_0.conda
      - conda: https://conda.anaconda.org/conda-forge/linux-64/libedit-3.1.20250104-pl5321h7949ede_0.conda
      - conda: https://conda.anaconda.org/conda-forge/linux-64/libev-4.33-hd590300_2.conda
      - conda: https://conda.anaconda.org/conda-forge/linux-64/libexpat-2.8.1-hecca717_0.conda
      - conda: https://conda.anaconda.org/conda-forge/linux-64/libgcc-15.2.0-he0feb66_19.conda
      - conda: https://conda.anaconda.org/conda-forge/linux-64/libgcc-ng-15.2.0-h69a702a_19.conda
      - conda: https://conda.anaconda.org/conda-forge/linux-64/libgomp-15.2.0-he0feb66_19.conda
      - conda: https://conda.anaconda.org/conda-forge/linux-64/libiconv-1.18-h3b78370_2.conda
      - conda: https://conda.anaconda.org/conda-forge/linux-64/libjpeg-turbo-3.1.4.1-hb03c661_0.conda
      - conda: https://conda.anaconda.org/conda-forge/linux-64/liblzma-5.8.3-hb03c661_0.conda
      - conda: https://conda.anaconda.org/conda-forge/linux-64/libnghttp2-1.68.1-h877daf1_0.conda
      - conda: https://conda.anaconda.org/conda-forge/linux-64/librttopo-1.1.0-h46dd2a8_20.conda
      - conda: https://conda.anaconda.org/conda-forge/linux-64/libspatialite-5.1.0-gpl_hab3fe16_120.conda
      - conda: https://conda.anaconda.org/conda-forge/linux-64/libsqlite-3.53.1-h0c1763c_0.conda
      - conda: https://conda.anaconda.org/conda-forge/linux-64/libssh2-1.11.1-hcf80075_0.conda
      - conda: https://conda.anaconda.org/conda-forge/linux-64/libstdcxx-15.2.0-h934c35e_19.conda
      - conda: https://conda.anaconda.org/conda-forge/linux-64/libtiff-4.7.1-h9d88235_1.conda
      - conda: https://conda.anaconda.org/conda-forge/linux-64/libwebp-base-1.6.0-hd42ef1d_0.conda
      - conda: https://conda.anaconda.org/conda-forge/linux-64/libxml2-16-2.15.3-hca6bf5a_0.conda
      - conda: https://conda.anaconda.org/conda-forge/linux-64/libxml2-2.15.3-h49c6c72_0.conda
      - conda: https://conda.anaconda.org/conda-forge/linux-64/libxml2-devel-2.15.3-h49c6c72_0.conda
      - conda: https://conda.anaconda.org/conda-forge/linux-64/libzlib-1.3.2-h25fd6f3_2.conda
      - conda: https://conda.anaconda.org/conda-forge/linux-64/minizip-4.2.1-hb71707f_0.conda
      - conda: https://conda.anaconda.org/conda-forge/linux-64/ncurses-6.6-hdb14827_0.conda
      - conda: https://conda.anaconda.org/conda-forge/linux-64/openssl-3.6.2-h35e630c_0.conda
      - conda: https://conda.anaconda.org/conda-forge/linux-64/proj-9.8.1-he0df7b0_0.conda
      - conda: https://conda.anaconda.org/conda-forge/linux-64/readline-8.3-h853b02a_0.conda
      - conda: https://conda.anaconda.org/conda-forge/linux-64/sqlite-3.53.1-hbc0de68_0.conda
      - conda: https://conda.anaconda.org/conda-forge/linux-64/zlib-1.3.2-h25fd6f3_2.conda
      - conda: https://conda.anaconda.org/conda-forge/linux-64/zstd-1.5.7-hb78ec9c_6.conda
packages:
- conda: https://conda.anaconda.org/conda-forge/linux-64/_openmp_mutex-4.5-20_gnu.conda
  build_number: 20
  sha256: 1dd3fffd892081df9726d7eb7e0dea6198962ba775bd88842135a4ddb4deb3c9
  md5: a9f577daf3de00bca7c3c76c0ecbd1de
  depends:
  - __glibc >=2.17,<3.0.a0
  - libgomp >=7.5.0
  constrains:
  - openmp_impl <0.0a0
  license: BSD-3-Clause
  license_family: BSD
  size: 28948
  timestamp: 1770939786096
- conda: https://conda.anaconda.org/conda-forge/linux-64/bzip2-1.0.8-hda65f42_9.conda
  sha256: 0b75d45f0bba3e95dc693336fa51f40ea28c980131fec438afb7ce6118ed05f6
  md5: d2ffd7602c02f2b316fd921d39876885
  depends:
  - __glibc >=2.17,<3.0.a0
  - libgcc >=14
  license: bzip2-1.0.6
  license_family: BSD
  size: 260182
  timestamp: 1771350215188
- conda: https://conda.anaconda.org/conda-forge/linux-64/c-ares-1.34.6-hb03c661_0.conda
  sha256: cc9accf72fa028d31c2a038460787751127317dcfa991f8d1f1babf216bb454e
  md5: 920bb03579f15389b9e512095ad995b7
  depends:
  - __glibc >=2.17,<3.0.a0
  - libgcc >=14
  license: MIT
  license_family: MIT
  size: 207882
  timestamp: 1765214722852
- conda: https://conda.anaconda.org/conda-forge/noarch/ca-certificates-2026.5.20-hbd8a1cb_0.conda
  sha256: 9812a303a1395e1dafbd92e5bc8a1ff6013bcbba0a09c7f03a8d23e43560aa9b
  md5: 489b8e97e666c93f68fdb35c3c9b957f
  depends:
  - __unix
  license: ISC
  size: 129868
  timestamp: 1779289852439
- conda: https://conda.anaconda.org/conda-forge/linux-64/freexl-2.0.0-h9dce30a_2.conda
  sha256: c8960e00a6db69b85c16c693ce05484facf20f1a80430552145f652a880e0d2a
  md5: ecb5d11305b8ba1801543002e69d2f2f
  depends:
  - __glibc >=2.17,<3.0.a0
  - libexpat >=2.6.4,<3.0a0
  - libgcc >=13
  - libiconv >=1.17,<2.0a0
  - minizip >=4.0.7,<5.0a0
  license: MPL-1.1
  license_family: MOZILLA
  size: 59299
  timestamp: 1734014884486
- conda: https://conda.anaconda.org/conda-forge/linux-64/geos-3.14.1-h480dda7_0.conda
  sha256: 08896dcd94e14a83f247e91748444e610f344ab42d80cbf2b6082b481c3f8f4b
  md5: 4d4efd0645cd556fab54617c4ad477ef
  depends:
  - __glibc >=2.17,<3.0.a0
  - libgcc >=14
  - libstdcxx >=14
  license: LGPL-2.1-only
  size: 1974942
  timestamp: 1761593471198
- conda: https://conda.anaconda.org/conda-forge/linux-64/icu-78.3-h33c6efd_0.conda
  sha256: fbf86c4a59c2ed05bbffb2ba25c7ed94f6185ec30ecb691615d42342baa1a16a
  md5: c80d8a3b84358cb967fa81e7075fbc8a
  depends:
  - __glibc >=2.17,<3.0.a0
  - libgcc >=14
  - libstdcxx >=14
  license: MIT
  license_family: MIT
  size: 12723451
  timestamp: 1773822285671
- conda: https://conda.anaconda.org/conda-forge/linux-64/keyutils-1.6.3-hb9d3cd8_0.conda
  sha256: 0960d06048a7185d3542d850986d807c6e37ca2e644342dd0c72feefcf26c2a4
  md5: b38117a3c920364aff79f870c984b4a3
  depends:
  - __glibc >=2.17,<3.0.a0
  - libgcc >=13
  license: LGPL-2.1-or-later
  size: 134088
  timestamp: 1754905959823
- conda: https://conda.anaconda.org/conda-forge/linux-64/krb5-1.22.2-ha1258a1_0.conda
  sha256: 3e307628ca3527448dd1cb14ad7bb9d04d1d28c7d4c5f97ba196ae984571dd25
  md5: fb53fb07ce46a575c5d004bbc96032c2
  depends:
  - __glibc >=2.17,<3.0.a0
  - keyutils >=1.6.3,<2.0a0
  - libedit >=3.1.20250104,<3.2.0a0
  - libedit >=3.1.20250104,<4.0a0
  - libgcc >=14
  - libstdcxx >=14
  - openssl >=3.5.5,<4.0a0
  license: MIT
  license_family: MIT
  size: 1386730
  timestamp: 1769769569681
- conda: https://conda.anaconda.org/conda-forge/linux-64/lerc-4.1.0-hdb68285_0.conda
  sha256: f84cb54782f7e9cea95e810ea8fef186e0652d0fa73d3009914fa2c1262594e1
  md5: a752488c68f2e7c456bcbd8f16eec275
  depends:
  - __glibc >=2.17,<3.0.a0
  - libgcc >=14
  - libstdcxx >=14
  license: Apache-2.0
  license_family: Apache
  size: 261513
  timestamp: 1773113328888
- conda: https://conda.anaconda.org/conda-forge/linux-64/libcurl-8.20.0-hcf29cc6_0.conda
  sha256: 75963a5dd913311f59a35dbd307592f4fa754c4808aff9c33edb430c415e38eb
  md5: c3cc2864f82a944bc90a7beb4d3b0e88
  depends:
  - __glibc >=2.17,<3.0.a0
  - krb5 >=1.22.2,<1.23.0a0
  - libgcc >=14
  - libnghttp2 >=1.68.1,<2.0a0
  - libssh2 >=1.11.1,<2.0a0
  - libzlib >=1.3.2,<2.0a0
  - openssl >=3.5.6,<4.0a0
  - zstd >=1.5.7,<1.6.0a0
  license: curl
  license_family: MIT
  size: 468706
  timestamp: 1777461492876
- conda: https://conda.anaconda.org/conda-forge/linux-64/libdeflate-1.25-h17f619e_0.conda
  sha256: aa8e8c4be9a2e81610ddf574e05b64ee131fab5e0e3693210c9d6d2fba32c680
  md5: 6c77a605a7a689d17d4819c0f8ac9a00
  depends:
  - __glibc >=2.17,<3.0.a0
  - libgcc >=14
  license: MIT
  license_family: MIT
  size: 73490
  timestamp: 1761979956660
- conda: https://conda.anaconda.org/conda-forge/linux-64/libedit-3.1.20250104-pl5321h7949ede_0.conda
  sha256: d789471216e7aba3c184cd054ed61ce3f6dac6f87a50ec69291b9297f8c18724
  md5: c277e0a4d549b03ac1e9d6cbbe3d017b
  depends:
  - ncurses
  - __glibc >=2.17,<3.0.a0
  - libgcc >=13
  - ncurses >=6.5,<7.0a0
  license: BSD-2-Clause
  license_family: BSD
  size: 134676
  timestamp: 1738479519902
- conda: https://conda.anaconda.org/conda-forge/linux-64/libev-4.33-hd590300_2.conda
  sha256: 1cd6048169fa0395af74ed5d8f1716e22c19a81a8a36f934c110ca3ad4dd27b4
  md5: 172bf1cd1ff8629f2b1179945ed45055
  depends:
  - libgcc-ng >=12
  license: BSD-2-Clause
  license_family: BSD
  size: 112766
  timestamp: 1702146165126
- conda: https://conda.anaconda.org/conda-forge/linux-64/libexpat-2.8.1-hecca717_0.conda
  sha256: 363018b25fdb5534c79783d912bd4b685a3547f4fc5996357ad548899b0ee8e7
  md5: 93764a5ca80616e9c10106cdaec92f74
  depends:
  - __glibc >=2.17,<3.0.a0
  - libgcc >=14
  constrains:
  - expat 2.8.1.*
  license: MIT
  license_family: MIT
  size: 77294
  timestamp: 1779278686680
- conda: https://conda.anaconda.org/conda-forge/linux-64/libgcc-15.2.0-he0feb66_19.conda
  sha256: 8e0a3b5e41272e5678499b5dfc4cddb673f9e935de01eb0767ce857001229f46
  md5: 57736f29cc2b0ec0b6c2952d3f101b6a
  depends:
  - __glibc >=2.17,<3.0.a0
  - _openmp_mutex >=4.5
  constrains:
  - libgcc-ng ==15.2.0=*_19
  - libgomp 15.2.0 he0feb66_19
  license: GPL-3.0-only WITH GCC-exception-3.1
  license_family: GPL
  size: 1041084
  timestamp: 1778269013026
- conda: https://conda.anaconda.org/conda-forge/linux-64/libgcc-ng-15.2.0-h69a702a_19.conda
  sha256: 9dcf54adfaa5e861123c2da4f2f0451a685464ea7e5a41ad91cf67b31d658d98
  md5: 331ee9b72b9dff570d56b1302c5ab37d
  depends:
  - libgcc 15.2.0 he0feb66_19
  license: GPL-3.0-only WITH GCC-exception-3.1
  license_family: GPL
  size: 27694
  timestamp: 1778269016987
- conda: https://conda.anaconda.org/conda-forge/linux-64/libgomp-15.2.0-he0feb66_19.conda
  sha256: 5abe4ab9d93f6c9757d654f1969ae2267d4505315c1f2f8fe705fd60af084f1b
  md5: faac990cb7aedc7f3a2224f2c9b0c26c
  depends:
  - __glibc >=2.17,<3.0.a0
  license: GPL-3.0-only WITH GCC-exception-3.1
  license_family: GPL
  size: 603817
  timestamp: 1778268942614
- conda: https://conda.anaconda.org/conda-forge/linux-64/libiconv-1.18-h3b78370_2.conda
  sha256: c467851a7312765447155e071752d7bf9bf44d610a5687e32706f480aad2833f
  md5: 915f5995e94f60e9a4826e0b0920ee88
  depends:
  - __glibc >=2.17,<3.0.a0
  - libgcc >=14
  license: LGPL-2.1-only
  size: 790176
  timestamp: 1754908768807
- conda: https://conda.anaconda.org/conda-forge/linux-64/libjpeg-turbo-3.1.4.1-hb03c661_0.conda
  sha256: 10056646c28115b174de81a44e23e3a0a3b95b5347d2e6c45cc6d49d35294256
  md5: 6178c6f2fb254558238ef4e6c56fb782
  depends:
  - __glibc >=2.17,<3.0.a0
  - libgcc >=14
  constrains:
  - jpeg <0.0.0a
  license: IJG AND BSD-3-Clause AND Zlib
  size: 633831
  timestamp: 1775962768273
- conda: https://conda.anaconda.org/conda-forge/linux-64/liblzma-5.8.3-hb03c661_0.conda
  sha256: ec30e52a3c1bf7d0425380a189d209a52baa03f22fb66dd3eb587acaa765bd6d
  md5: b88d90cad08e6bc8ad540cb310a761fb
  depends:
  - __glibc >=2.17,<3.0.a0
  - libgcc >=14
  constrains:
  - xz 5.8.3.*
  license: 0BSD
  size: 113478
  timestamp: 1775825492909
- conda: https://conda.anaconda.org/conda-forge/linux-64/libnghttp2-1.68.1-h877daf1_0.conda
  sha256: 663444d77a42f2265f54fb8b48c5450bfff4388d9c0f8253dd7855f0d993153f
  md5: 2a45e7f8af083626f009645a6481f12d
  depends:
  - __glibc >=2.17,<3.0.a0
  - c-ares >=1.34.6,<2.0a0
  - libev >=4.33,<4.34.0a0
  - libev >=4.33,<5.0a0
  - libgcc >=14
  - libstdcxx >=14
  - libzlib >=1.3.1,<2.0a0
  - openssl >=3.5.5,<4.0a0
  license: MIT
  license_family: MIT
  size: 663344
  timestamp: 1773854035739
- conda: https://conda.anaconda.org/conda-forge/linux-64/librttopo-1.1.0-h46dd2a8_20.conda
  sha256: eb4082a5135102f5ba9c302da13164d4ed1181d5f0db9d49e5e11a815a7b526f
  md5: df81fd57eacf341588d728c97920e86d
  depends:
  - __glibc >=2.17,<3.0.a0
  - geos >=3.14.1,<3.14.2.0a0
  - libgcc >=14
  - libstdcxx >=14
  license: GPL-2.0-or-later
  license_family: GPL
  size: 231670
  timestamp: 1761670395043
- conda: https://conda.anaconda.org/conda-forge/linux-64/libspatialite-5.1.0-gpl_hab3fe16_120.conda
  sha256: 1226948565ea9fa4fbaefc8c5ff6bb4c66e3cb96a9db71d236dcc0be0bc319cb
  md5: 5947bdda89ced07ab0d8a5d6503082c3
  depends:
  - __glibc >=2.17,<3.0.a0
  - freexl >=2
  - freexl >=2.0.0,<3.0a0
  - geos >=3.14.1,<3.14.2.0a0
  - libgcc >=14
  - librttopo >=1.1.0,<1.2.0a0
  - libsqlite >=3.51.2,<4.0a0
  - libstdcxx >=14
  - libxml2
  - libxml2-16 >=2.14.6
  - libxml2-devel
  - libzlib >=1.3.1,<2.0a0
  - proj >=9.8.0,<9.9.0a0
  - sqlite
  - zlib
  license: MPL-1.1
  license_family: MOZILLA
  size: 4094822
  timestamp: 1772594360111
- conda: https://conda.anaconda.org/conda-forge/linux-64/libsqlite-3.53.1-h0c1763c_0.conda
  sha256: 54cdcd3214313b62c2a8ee277e6f42150d9b748264c1b70d958bf735e420ef8d
  md5: 7dc38adcbf71e6b38748e919e16e0dce
  depends:
  - __glibc >=2.17,<3.0.a0
  - libgcc >=14
  - libzlib >=1.3.2,<2.0a0
  license: blessing
  size: 954962
  timestamp: 1777986471789
- conda: https://conda.anaconda.org/conda-forge/linux-64/libssh2-1.11.1-hcf80075_0.conda
  sha256: fa39bfd69228a13e553bd24601332b7cfeb30ca11a3ca50bb028108fe90a7661
  md5: eecce068c7e4eddeb169591baac20ac4
  depends:
  - __glibc >=2.17,<3.0.a0
  - libgcc >=13
  - libzlib >=1.3.1,<2.0a0
  - openssl >=3.5.0,<4.0a0
  license: BSD-3-Clause
  license_family: BSD
  size: 304790
  timestamp: 1745608545575
- conda: https://conda.anaconda.org/conda-forge/linux-64/libstdcxx-15.2.0-h934c35e_19.conda
  sha256: dff1058c76ec6b8759e41cefa2508162d00e4a5e6721aa68ec3fd10094e702dc
  md5: 5794b3bdc38177caf969dabd3af08549
  depends:
  - __glibc >=2.17,<3.0.a0
  - libgcc 15.2.0 he0feb66_19
  constrains:
  - libstdcxx-ng ==15.2.0=*_19
  license: GPL-3.0-only WITH GCC-exception-3.1
  license_family: GPL
  size: 5852044
  timestamp: 1778269036376
- conda: https://conda.anaconda.org/conda-forge/linux-64/libtiff-4.7.1-h9d88235_1.conda
  sha256: e5f8c38625aa6d567809733ae04bb71c161a42e44a9fa8227abe61fa5c60ebe0
  md5: cd5a90476766d53e901500df9215e927
  depends:
  - __glibc >=2.17,<3.0.a0
  - lerc >=4.0.0,<5.0a0
  - libdeflate >=1.25,<1.26.0a0
  - libgcc >=14
  - libjpeg-turbo >=3.1.0,<4.0a0
  - liblzma >=5.8.1,<6.0a0
  - libstdcxx >=14
  - libwebp-base >=1.6.0,<2.0a0
  - libzlib >=1.3.1,<2.0a0
  - zstd >=1.5.7,<1.6.0a0
  license: HPND
  size: 435273
  timestamp: 1762022005702
- conda: https://conda.anaconda.org/conda-forge/linux-64/libwebp-base-1.6.0-hd42ef1d_0.conda
  sha256: 3aed21ab28eddffdaf7f804f49be7a7d701e8f0e46c856d801270b470820a37b
  md5: aea31d2e5b1091feca96fcfe945c3cf9
  depends:
  - __glibc >=2.17,<3.0.a0
  - libgcc >=14
  constrains:
  - libwebp 1.6.0
  license: BSD-3-Clause
  license_family: BSD
  size: 429011
  timestamp: 1752159441324
- conda: https://conda.anaconda.org/conda-forge/linux-64/libxml2-2.15.3-h49c6c72_0.conda
  sha256: 3bc5551720c58591f6ea1146f7d1539c734ed1c40e7b9f5cb8cb7e900c509aba
  md5: 995d8c8bad2a3cc8db14675a153dec2b
  depends:
  - __glibc >=2.17,<3.0.a0
  - icu >=78.3,<79.0a0
  - libgcc >=14
  - libiconv >=1.18,<2.0a0
  - liblzma >=5.8.3,<6.0a0
  - libxml2-16 2.15.3 hca6bf5a_0
  - libzlib >=1.3.2,<2.0a0
  license: MIT
  license_family: MIT
  size: 46810
  timestamp: 1776376751152
- conda: https://conda.anaconda.org/conda-forge/linux-64/libxml2-16-2.15.3-hca6bf5a_0.conda
  sha256: 3d44f737c5ae52d5af32682cc1530df433f401f8e58a7533926536244127572a
  md5: e79d2c2f24b027aa8d5ab1b1ba3061e7
  depends:
  - __glibc >=2.17,<3.0.a0
  - icu >=78.3,<79.0a0
  - libgcc >=14
  - libiconv >=1.18,<2.0a0
  - liblzma >=5.8.3,<6.0a0
  - libzlib >=1.3.2,<2.0a0
  constrains:
  - libxml2 2.15.3
  license: MIT
  license_family: MIT
  size: 559775
  timestamp: 1776376739004
- conda: https://conda.anaconda.org/conda-forge/linux-64/libxml2-devel-2.15.3-h49c6c72_0.conda
  sha256: adada9c781ea51faea3e3adcd6883dc294ff2fa044c7f4e199430a11862dfa40
  md5: be70cb50dd0ecc1531c58034d38f72e0
  depends:
  - __glibc >=2.17,<3.0.a0
  - icu >=78.3,<79.0a0
  - libgcc >=14
  - libiconv >=1.18,<2.0a0
  - liblzma >=5.8.3,<6.0a0
  - libxml2 2.15.3 h49c6c72_0
  - libxml2-16 2.15.3 hca6bf5a_0
  - libzlib >=1.3.2,<2.0a0
  license: MIT
  license_family: MIT
  size: 80529
  timestamp: 1776376762779
- conda: https://conda.anaconda.org/conda-forge/linux-64/libzlib-1.3.2-h25fd6f3_2.conda
  sha256: 55044c403570f0dc26e6364de4dc5368e5f3fc7ff103e867c487e2b5ab2bcda9
  md5: d87ff7921124eccd67248aa483c23fec
  depends:
  - __glibc >=2.17,<3.0.a0
  constrains:
  - zlib 1.3.2 *_2
  license: Zlib
  license_family: Other
  size: 63629
  timestamp: 1774072609062
- conda: https://conda.anaconda.org/conda-forge/linux-64/minizip-4.2.1-hb71707f_0.conda
  sha256: 41558b95a387ce2374260aa034a99c3a88cbb98e1a56510f4fa6839063de867b
  md5: fe7b4ff5792fee512aad843294ea809a
  depends:
  - __glibc >=2.17,<3.0.a0
  - bzip2 >=1.0.8,<2.0a0
  - libgcc >=14
  - libiconv >=1.18,<2.0a0
  - liblzma >=5.8.3,<6.0a0
  - libstdcxx >=14
  - libzlib >=1.3.2,<2.0a0
  - openssl >=3.5.6,<4.0a0
  - zstd >=1.5.7,<1.6.0a0
  license: Zlib
  license_family: Other
  size: 520570
  timestamp: 1778002506337
- conda: https://conda.anaconda.org/conda-forge/linux-64/ncurses-6.6-hdb14827_0.conda
  sha256: fc89f74bbe362fb29fa3c037697a89bec140b346a2469a90f7936d1d7ea4d8a3
  md5: fc21868a1a5aacc937e7a18747acb8a5
  depends:
  - __glibc >=2.17,<3.0.a0
  - libgcc >=14
  license: X11 AND BSD-3-Clause
  size: 918956
  timestamp: 1777422145199
- conda: https://conda.anaconda.org/conda-forge/linux-64/openssl-3.6.2-h35e630c_0.conda
  sha256: c0ef482280e38c71a08ad6d71448194b719630345b0c9c60744a2010e8a8e0cb
  md5: da1b85b6a87e141f5140bb9924cecab0
  depends:
  - __glibc >=2.17,<3.0.a0
  - ca-certificates
  - libgcc >=14
  license: Apache-2.0
  license_family: Apache
  size: 3167099
  timestamp: 1775587756857
- conda: https://conda.anaconda.org/conda-forge/linux-64/proj-9.8.1-he0df7b0_0.conda
  sha256: dff6f355025b9a510d9093e29fd970fa1091e758b848c9dec814d96ae63a09ba
  md5: b23619e5e9009eaa070ead0342034027
  depends:
  - sqlite
  - libtiff
  - libcurl
  - __glibc >=2.17,<3.0.a0
  - libgcc >=14
  - libstdcxx >=14
  - libtiff >=4.7.1,<4.8.0a0
  - libsqlite >=3.53.0,<4.0a0
  - libcurl >=8.19.0,<9.0a0
  constrains:
  - proj4 ==999999999999
  license: MIT
  license_family: MIT
  size: 3652144
  timestamp: 1775840249166
- conda: https://conda.anaconda.org/conda-forge/linux-64/readline-8.3-h853b02a_0.conda
  sha256: 12ffde5a6f958e285aa22c191ca01bbd3d6e710aa852e00618fa6ddc59149002
  md5: d7d95fc8287ea7bf33e0e7116d2b95ec
  depends:
  - __glibc >=2.17,<3.0.a0
  - libgcc >=14
  - ncurses >=6.5,<7.0a0
  license: GPL-3.0-only
  license_family: GPL
  size: 345073
  timestamp: 1765813471974
- conda: https://conda.anaconda.org/conda-forge/linux-64/sqlite-3.53.1-hbc0de68_0.conda
  sha256: d167fa92781bcdcd3b9aaa6bb1cd50c5b108f6190c170098a118b5cf5df2f881
  md5: 8e0b8654ead18e50af552e54b5a08a61
  depends:
  - __glibc >=2.17,<3.0.a0
  - libgcc >=14
  - libsqlite 3.53.1 h0c1763c_0
  - libzlib >=1.3.2,<2.0a0
  - ncurses >=6.6,<7.0a0
  - readline >=8.3,<9.0a0
  license: blessing
  size: 205399
  timestamp: 1777986477546
- conda: https://conda.anaconda.org/conda-forge/linux-64/zlib-1.3.2-h25fd6f3_2.conda
  sha256: 245c9ee8d688e23661b95e3c6dd7272ca936fabc03d423cdb3cdee1bbcf9f2f2
  md5: c2a01a08fc991620a74b32420e97868a
  depends:
  - __glibc >=2.17,<3.0.a0
  - libzlib 1.3.2 h25fd6f3_2
  license: Zlib
  license_family: Other
  size: 95931
  timestamp: 1774072620848
- conda: https://conda.anaconda.org/conda-forge/linux-64/zstd-1.5.7-hb78ec9c_6.conda
  sha256: 68f0206ca6e98fea941e5717cec780ed2873ffabc0e1ed34428c061e2c6268c7
  md5: 4a13eeac0b5c8e5b8ab496e6c4ddd829
  depends:
  - __glibc >=2.17,<3.0.a0
  - libzlib >=1.3.1,<2.0a0
  license: BSD-3-Clause
  license_family: BSD
  size: 601375
  timestamp: 1764777111296
